
Microsoft Visual Studio Solution File, Format Version 12.00
# Visual Studio Version 16
VisualStudioVersion = 16.0.32802.440
MinimumVisualStudioVersion = 10.0.40219.1
Project("{9A19103F-16F7-4668-BE54-9A1E7A4F7556}") = "Library", "Library\Library.csproj", "{2C5E067C-090F-445A-8660-FB72C647EF2A}"
EndProject
Global
	GlobalSection(SolutionConfigurationPlatforms) = preSolution
		Debug|Any CPU = Debug|Any CPU
		Release|Any CPU = Release|Any CPU
	EndGlobalSection
	GlobalSection(ProjectConfigurationPlatforms) = postSolution
		{2C5E067C-090F-445A-8660-FB72C647EF2A}.Debug|Any CPU.ActiveCfg = Debug|Any CPU
		{2C5E067C-090F-445A-8660-FB72C647EF2A}.Debug|Any CPU.Build.0 = Debug|Any CPU
		{2C5E067C-090F-445A-8660-FB72C647EF2A}.Release|Any CPU.ActiveCfg = Release|Any CPU
		{2C5E067C-090F-445A-8660-FB72C647EF2A}.Release|Any CPU.Build.0 = Release|Any CPU
	EndGlobalSection
	GlobalSection(SolutionProperties) = preSolution
		HideSolutionNode = FALSE
	EndGlobalSection
	GlobalSection(ExtensibilityGlobals) = postSolution
		SolutionGuid = {886F82F2-4075-4495-9341-88B4CD08B6EF}
	EndGlobalSection
EndGlobal
